// !$*UTF8*$!
{
	archiveVersion = 1;
	classes = {
	};
	objectVersion = 77;
	objects = {

/* Begin PBXBuildFile section */
		9558C4D47D83E00AF987192C /* Pods_ChuLoop.framework in Frameworks */ = {isa = PBXBuildFile; fileRef = EFBBA4BDFD2E85A45EC45283 /* Pods_ChuLoop.framework */; };
		BB96E738BB89B64231351D66 /* Pods_ChuLoop_ChuLoopUITests.framework in Frameworks */ = {isa = PBXBuildFile; fileRef = 31DB81D287ABF5482BC9C860 /* Pods_ChuLoop_ChuLoopUITests.framework */; };
		E2DABEC5EB424C18F6C7C379 /* Pods_ChuLoopTests.framework in Frameworks */ = {isa = PBXBuildFile; fileRef = 56FE1DEB2FAAA7D1C8CDA5F0 /* Pods_ChuLoopTests.framework */; };
/* End PBXBuildFile section */

/* Begin PBXContainerItemProxy section */
		16E1EA642CE477C300B3CD97 /* PBXContainerItemProxy */ = {
			isa = PBXContainerItemProxy;
			containerPortal = 16E1EA4B2CE477C100B3CD97 /* Project object */;
			proxyType = 1;
			remoteGlobalIDString = 16E1EA522CE477C100B3CD97;
			remoteInfo = ChuLoop;
		};
		16E1EA6E2CE477C300B3CD97 /* PBXContainerItemProxy */ = {
			isa = PBXContainerItemProxy;
			containerPortal = 16E1EA4B2CE477C100B3CD97 /* Project object */;
			proxyType = 1;
			remoteGlobalIDString = 16E1EA522CE477C100B3CD97;
			remoteInfo = ChuLoop;
		};
/* End PBXContainerItemProxy section */

/* Begin PBXFileReference section */
		16E1EA532CE477C100B3CD97 /* ChuLoop.app */ = {isa = PBXFileReference; explicitFileType = wrapper.application; includeInIndex = 0; path = ChuLoop.app; sourceTree = BUILT_PRODUCTS_DIR; };
		16E1EA632CE477C300B3CD97 /* ChuLoopTests.xctest */ = {isa = PBXFileReference; explicitFileType = wrapper.cfbundle; includeInIndex = 0; path = ChuLoopTests.xctest; sourceTree = BUILT_PRODUCTS_DIR; };
		16E1EA6D2CE477C300B3CD97 /* ChuLoopUITests.xctest */ = {isa = PBXFileReference; explicitFileType = wrapper.cfbundle; includeInIndex = 0; path = ChuLoopUITests.xctest; sourceTree = BUILT_PRODUCTS_DIR; };
		1BF2A5758D5486F5F3329F89 /* Pods-ChuLoopTests.debug.xcconfig */ = {isa = PBXFileReference; includeInIndex = 1; lastKnownFileType = text.xcconfig; name = "Pods-ChuLoopTests.debug.xcconfig"; path = "Target Support Files/Pods-ChuLoopTests/Pods-ChuLoopTests.debug.xcconfig"; sourceTree = "<group>"; };
		31DB81D287ABF5482BC9C860 /* Pods_ChuLoop_ChuLoopUITests.framework */ = {isa = PBXFileReference; explicitFileType = wrapper.framework; includeInIndex = 0; path = Pods_ChuLoop_ChuLoopUITests.framework; sourceTree = BUILT_PRODUCTS_DIR; };
		56FE1DEB2FAAA7D1C8CDA5F0 /* Pods_ChuLoopTests.framework */ = {isa = PBXFileReference; explicitFileType = wrapper.framework; includeInIndex = 0; path = Pods_ChuLoopTests.framework; sourceTree = BUILT_PRODUCTS_DIR; };
		8F4353A6F71BCF0C94261AA6 /* Pods-ChuLoop.release.xcconfig */ = {isa = PBXFileReference; includeInIndex = 1; lastKnownFileType = text.xcconfig; name = "Pods-ChuLoop.release.xcconfig"; path = "Target Support Files/Pods-ChuLoop/Pods-ChuLoop.release.xcconfig"; sourceTree = "<group>"; };
		9A6645AE98543B2F157B7490 /* Pods-ChuLoop-ChuLoopUITests.release.xcconfig */ = {isa = PBXFileReference; includeInIndex = 1; lastKnownFileType = text.xcconfig; name = "Pods-ChuLoop-ChuLoopUITests.release.xcconfig"; path = "Target Support Files/Pods-ChuLoop-ChuLoopUITests/Pods-ChuLoop-ChuLoopUITests.release.xcconfig"; sourceTree = "<group>"; };
		A38AA98A2CA6F67DE71B35A2 /* Pods-ChuLoop-ChuLoopUITests.debug.xcconfig */ = {isa = PBXFileReference; includeInIndex = 1; lastKnownFileType = text.xcconfig; name = "Pods-ChuLoop-ChuLoopUITests.debug.xcconfig"; path = "Target Support Files/Pods-ChuLoop-ChuLoopUITests/Pods-ChuLoop-ChuLoopUITests.debug.xcconfig"; sourceTree = "<group>"; };
		B3F00D022FEE8B33599A830A /* Pods-ChuLoop.debug.xcconfig */ = {isa = PBXFileReference; includeInIndex = 1; lastKnownFileType = text.xcconfig; name = "Pods-ChuLoop.debug.xcconfig"; path = "Target Support Files/Pods-ChuLoop/Pods-ChuLoop.debug.xcconfig"; sourceTree = "<group>"; };
		CBB7EDC418B736D84F16819C /* Pods-ChuLoopTests.release.xcconfig */ = {isa = PBXFileReference; includeInIndex = 1; lastKnownFileType = text.xcconfig; name = "Pods-ChuLoopTests.release.xcconfig"; path = "Target Support Files/Pods-ChuLoopTests/Pods-ChuLoopTests.release.xcconfig"; sourceTree = "<group>"; };
		EFBBA4BDFD2E85A45EC45283 /* Pods_ChuLoop.framework */ = {isa = PBXFileReference; explicitFileType = wrapper.framework; includeInIndex = 0; path = Pods_ChuLoop.framework; sourceTree = BUILT_PRODUCTS_DIR; };
/* End PBXFileReference section */

/* Begin PBXFileSystemSynchronizedBuildFileExceptionSet section */
		161B064A2D2EBC00003D6B94 /* Exceptions for "ChuLoop" folder in "ChuLoop" target */ = {
			isa = PBXFileSystemSynchronizedBuildFileExceptionSet;
			membershipExceptions = (
				Info.plist,
			);
			target = 16E1EA522CE477C100B3CD97 /* ChuLoop */;
		};
/* End PBXFileSystemSynchronizedBuildFileExceptionSet section */

/* Begin PBXFileSystemSynchronizedRootGroup section */
		16E1EA552CE477C100B3CD97 /* ChuLoop */ = {
			isa = PBXFileSystemSynchronizedRootGroup;
			exceptions = (
				161B064A2D2EBC00003D6B94 /* Exceptions for "ChuLoop" folder in "ChuLoop" target */,
			);
			path = ChuLoop;
			sourceTree = "<group>";
		};
		16E1EA662CE477C300B3CD97 /* ChuLoopTests */ = {
			isa = PBXFileSystemSynchronizedRootGroup;
			path = ChuLoopTests;
			sourceTree = "<group>";
		};
		16E1EA702CE477C300B3CD97 /* ChuLoopUITests */ = {
			isa = PBXFileSystemSynchronizedRootGroup;
			path = ChuLoopUITests;
			sourceTree = "<group>";
		};
/* End PBXFileSystemSynchronizedRootGroup section */

/* Begin PBXFrameworksBuildPhase section */
		16E1EA502CE477C100B3CD97 /* Frameworks */ = {
			isa = PBXFrameworksBuildPhase;
			buildActionMask = 2147483647;
			files = (
				9558C4D47D83E00AF987192C /* Pods_ChuLoop.framework in Frameworks */,
			);
			runOnlyForDeploymentPostprocessing = 0;
		};
		16E1EA602CE477C300B3CD97 /* Frameworks */ = {
			isa = PBXFrameworksBuildPhase;
			buildActionMask = 2147483647;
			files = (
				E2DABEC5EB424C18F6C7C379 /* Pods_ChuLoopTests.framework in Frameworks */,
			);
			runOnlyForDeploymentPostprocessing = 0;
		};
		16E1EA6A2CE477C300B3CD97 /* Frameworks */ = {
			isa = PBXFrameworksBuildPhase;
			buildActionMask = 2147483647;
			files = (
				BB96E738BB89B64231351D66 /* Pods_ChuLoop_ChuLoopUITests.framework in Frameworks */,
			);
			runOnlyForDeploymentPostprocessing = 0;
		};
/* End PBXFrameworksBuildPhase section */

/* Begin PBXGroup section */
		16E1EA4A2CE477C100B3CD97 = {
			isa = PBXGroup;
			children = (
				16E1EA552CE477C100B3CD97 /* ChuLoop */,
				16E1EA662CE477C300B3CD97 /* ChuLoopTests */,
				16E1EA702CE477C300B3CD97 /* ChuLoopUITests */,
				16E1EA542CE477C100B3CD97 /* Products */,
				C5B25218A1E8565BA402B495 /* Pods */,
				BDDBA5CA5263DF9A5199C2EE /* Frameworks */,
			);
			sourceTree = "<group>";
		};
		16E1EA542CE477C100B3CD97 /* Products */ = {
			isa = PBXGroup;
			children = (
				16E1EA532CE477C100B3CD97 /* ChuLoop.app */,
				16E1EA632CE477C300B3CD97 /* ChuLoopTests.xctest */,
				16E1EA6D2CE477C300B3CD97 /* ChuLoopUITests.xctest */,
			);
			name = Products;
			sourceTree = "<group>";
		};
		BDDBA5CA5263DF9A5199C2EE /* Frameworks */ = {
			isa = PBXGroup;
			children = (
				EFBBA4BDFD2E85A45EC45283 /* Pods_ChuLoop.framework */,
				31DB81D287ABF5482BC9C860 /* Pods_ChuLoop_ChuLoopUITests.framework */,
				56FE1DEB2FAAA7D1C8CDA5F0 /* Pods_ChuLoopTests.framework */,
			);
			name = Frameworks;
			sourceTree = "<group>";
		};
		C5B25218A1E8565BA402B495 /* Pods */ = {
			isa = PBXGroup;
			children = (
				B3F00D022FEE8B33599A830A /* Pods-ChuLoop.debug.xcconfig */,
				8F4353A6F71BCF0C94261AA6 /* Pods-ChuLoop.release.xcconfig */,
				A38AA98A2CA6F67DE71B35A2 /* Pods-ChuLoop-ChuLoopUITests.debug.xcconfig */,
				9A6645AE98543B2F157B7490 /* Pods-ChuLoop-ChuLoopUITests.release.xcconfig */,
				1BF2A5758D5486F5F3329F89 /* Pods-ChuLoopTests.debug.xcconfig */,
				CBB7EDC418B736D84F16819C /* Pods-ChuLoopTests.release.xcconfig */,
			);
			path = Pods;
			sourceTree = "<group>";
		};
/* End PBXGroup section */

/* Begin PBXNativeTarget section */
		16E1EA522CE477C100B3CD97 /* ChuLoop */ = {
			isa = PBXNativeTarget;
			buildConfigurationList = 16E1EA772CE477C300B3CD97 /* Build configuration list for PBXNativeTarget "ChuLoop" */;
			buildPhases = (
				90E8547663616F1F2C22C14F /* [CP] Check Pods Manifest.lock */,
				16E1EA4F2CE477C100B3CD97 /* Sources */,
				16E1EA502CE477C100B3CD97 /* Frameworks */,
				16E1EA512CE477C100B3CD97 /* Resources */,
				68C57585593DF56FF9C368CD /* [CP] Embed Pods Frameworks */,
			);
			buildRules = (
			);
			dependencies = (
			);
			fileSystemSynchronizedGroups = (
				16E1EA552CE477C100B3CD97 /* ChuLoop */,
			);
			name = ChuLoop;
			productName = ChuLoop;
			productReference = 16E1EA532CE477C100B3CD97 /* ChuLoop.app */;
			productType = "com.apple.product-type.application";
		};
		16E1EA622CE477C300B3CD97 /* ChuLoopTests */ = {
			isa = PBXNativeTarget;
			buildConfigurationList = 16E1EA7A2CE477C300B3CD97 /* Build configuration list for PBXNativeTarget "ChuLoopTests" */;
			buildPhases = (
				1B4623AE41E50F3B50B273DE /* [CP] Check Pods Manifest.lock */,
				16E1EA5F2CE477C300B3CD97 /* Sources */,
				16E1EA602CE477C300B3CD97 /* Frameworks */,
				16E1EA612CE477C300B3CD97 /* Resources */,
			);
			buildRules = (
			);
			dependencies = (
				16E1EA652CE477C300B3CD97 /* PBXTargetDependency */,
			);
			fileSystemSynchronizedGroups = (
				16E1EA662CE477C300B3CD97 /* ChuLoopTests */,
			);
			name = ChuLoopTests;
			productName = ChuLoopTests;
			productReference = 16E1EA632CE477C300B3CD97 /* ChuLoopTests.xctest */;
			productType = "com.apple.product-type.bundle.unit-test";
		};
		16E1EA6C2CE477C300B3CD97 /* ChuLoopUITests */ = {
			isa = PBXNativeTarget;
			buildConfigurationList = 16E1EA7D2CE477C300B3CD97 /* Build configuration list for PBXNativeTarget "ChuLoopUITests" */;
			buildPhases = (
				0D72A11474B248F28B08DB7B /* [CP] Check Pods Manifest.lock */,
				16E1EA692CE477C300B3CD97 /* Sources */,
				16E1EA6A2CE477C300B3CD97 /* Frameworks */,
				16E1EA6B2CE477C300B3CD97 /* Resources */,
				7EE87E5D8D14F25EEB472000 /* [CP] Embed Pods Frameworks */,
			);
			buildRules = (
			);
			dependencies = (
				16E1EA6F2CE477C300B3CD97 /* PBXTargetDependency */,
			);
			fileSystemSynchronizedGroups = (
				16E1EA702CE477C300B3CD97 /* ChuLoopUITests */,
			);
			name = ChuLoopUITests;
			productName = ChuLoopUITests;
			productReference = 16E1EA6D2CE477C300B3CD97 /* ChuLoopUITests.xctest */;
			productType = "com.apple.product-type.bundle.ui-testing";
		};
/* End PBXNativeTarget section */

/* Begin PBXProject section */
		16E1EA4B2CE477C100B3CD97 /* Project object */ = {
			isa = PBXProject;
			attributes = {
				BuildIndependentTargetsInParallel = 1;
				LastSwiftUpdateCheck = 1610;
				LastUpgradeCheck = 1610;
				TargetAttributes = {
					16E1EA522CE477C100B3CD97 = {
						CreatedOnToolsVersion = 16.1;
					};
					16E1EA622CE477C300B3CD97 = {
						CreatedOnToolsVersion = 16.1;
						TestTargetID = 16E1EA522CE477C100B3CD97;
					};
					16E1EA6C2CE477C300B3CD97 = {
						CreatedOnToolsVersion = 16.1;
						TestTargetID = 16E1EA522CE477C100B3CD97;
					};
				};
			};
			buildConfigurationList = 16E1EA4E2CE477C100B3CD97 /* Build configuration list for PBXProject "ChuLoop" */;
			developmentRegion = ko;
			hasScannedForEncodings = 0;
			knownRegions = (
				en,
				Base,
				ko,
			);
			mainGroup = 16E1EA4A2CE477C100B3CD97;
			minimizedProjectReferenceProxies = 1;
			preferredProjectObjectVersion = 77;
			productRefGroup = 16E1EA542CE477C100B3CD97 /* Products */;
			projectDirPath = "";
			projectRoot = "";
			targets = (
				16E1EA522CE477C100B3CD97 /* ChuLoop */,
				16E1EA622CE477C300B3CD97 /* ChuLoopTests */,
				16E1EA6C2CE477C300B3CD97 /* ChuLoopUITests */,
			);
		};
/* End PBXProject section */

/* Begin PBXResourcesBuildPhase section */
		16E1EA512CE477C100B3CD97 /* Resources */ = {
			isa = PBXResourcesBuildPhase;
			buildActionMask = 2147483647;
			files = (
			);
			runOnlyForDeploymentPostprocessing = 0;
		};
		16E1EA612CE477C300B3CD97 /* Resources */ = {
			isa = PBXResourcesBuildPhase;
			buildActionMask = 2147483647;
			files = (
			);
			runOnlyForDeploymentPostprocessing = 0;
		};
		16E1EA6B2CE477C300B3CD97 /* Resources */ = {
			isa = PBXResourcesBuildPhase;
			buildActionMask = 2147483647;
			files = (
			);
			runOnlyForDeploymentPostprocessing = 0;
		};
/* End PBXResourcesBuildPhase section */

/* Begin PBXShellScriptBuildPhase section */
		0D72A11474B248F28B08DB7B /* [CP] Check Pods Manifest.lock */ = {
			isa = PBXShellScriptBuildPhase;
			buildActionMask = 2147483647;
			files = (
			);
			inputFileListPaths = (
			);
			inputPaths = (
				"${PODS_PODFILE_DIR_PATH}/Podfile.lock",
				"${PODS_ROOT}/Manifest.lock",
			);
			name = "[CP] Check Pods Manifest.lock";
			outputFileListPaths = (
			);
			outputPaths = (
				"$(DERIVED_FILE_DIR)/Pods-ChuLoop-ChuLoopUITests-checkManifestLockResult.txt",
			);
			runOnlyForDeploymentPostprocessing = 0;
			shellPath = /bin/sh;
			shellScript = "diff \"${PODS_PODFILE_DIR_PATH}/Podfile.lock\" \"${PODS_ROOT}/Manifest.lock\" > /dev/null\nif [ $? != 0 ] ; then\n    # print error to STDERR\n    echo \"error: The sandbox is not in sync with the Podfile.lock. Run 'pod install' or update your CocoaPods installation.\" >&2\n    exit 1\nfi\n# This output is used by Xcode 'outputs' to avoid re-running this script phase.\necho \"SUCCESS\" > \"${SCRIPT_OUTPUT_FILE_0}\"\n";
			showEnvVarsInLog = 0;
		};
		1B4623AE41E50F3B50B273DE /* [CP] Check Pods Manifest.lock */ = {
			isa = PBXShellScriptBuildPhase;
			buildActionMask = 2147483647;
			files = (
			);
			inputFileListPaths = (
			);
			inputPaths = (
				"${PODS_PODFILE_DIR_PATH}/Podfile.lock",
				"${PODS_ROOT}/Manifest.lock",
			);
			name = "[CP] Check Pods Manifest.lock";
			outputFileListPaths = (
			);
			outputPaths = (
				"$(DERIVED_FILE_DIR)/Pods-ChuLoopTests-checkManifestLockResult.txt",
			);
			runOnlyForDeploymentPostprocessing = 0;
			shellPath = /bin/sh;
			shellScript = "diff \"${PODS_PODFILE_DIR_PATH}/Podfile.lock\" \"${PODS_ROOT}/Manifest.lock\" > /dev/null\nif [ $? != 0 ] ; then\n    # print error to STDERR\n    echo \"error: The sandbox is not in sync with the Podfile.lock. Run 'pod install' or update your CocoaPods installation.\" >&2\n    exit 1\nfi\n# This output is used by Xcode 'outputs' to avoid re-running this script phase.\necho \"SUCCESS\" > \"${SCRIPT_OUTPUT_FILE_0}\"\n";
			showEnvVarsInLog = 0;
		};
		68C57585593DF56FF9C368CD /* [CP] Embed Pods Frameworks */ = {
			isa = PBXShellScriptBuildPhase;
			buildActionMask = 2147483647;
			files = (
			);
			inputFileListPaths = (
				"${PODS_ROOT}/Target Support Files/Pods-ChuLoop/Pods-ChuLoop-frameworks-${CONFIGURATION}-input-files.xcfilelist",
			);
			name = "[CP] Embed Pods Frameworks";
			outputFileListPaths = (
				"${PODS_ROOT}/Target Support Files/Pods-ChuLoop/Pods-ChuLoop-frameworks-${CONFIGURATION}-output-files.xcfilelist",
			);
			runOnlyForDeploymentPostprocessing = 0;
			shellPath = /bin/sh;
			shellScript = "\"${PODS_ROOT}/Target Support Files/Pods-ChuLoop/Pods-ChuLoop-frameworks.sh\"\n";
			showEnvVarsInLog = 0;
		};
		7EE87E5D8D14F25EEB472000 /* [CP] Embed Pods Frameworks */ = {
			isa = PBXShellScriptBuildPhase;
			buildActionMask = 2147483647;
			files = (
			);
			inputFileListPaths = (
				"${PODS_ROOT}/Target Support Files/Pods-ChuLoop-ChuLoopUITests/Pods-ChuLoop-ChuLoopUITests-frameworks-${CONFIGURATION}-input-files.xcfilelist",
			);
			name = "[CP] Embed Pods Frameworks";
			outputFileListPaths = (
				"${PODS_ROOT}/Target Support Files/Pods-ChuLoop-ChuLoopUITests/Pods-ChuLoop-ChuLoopUITests-frameworks-${CONFIGURATION}-output-files.xcfilelist",
			);
			runOnlyForDeploymentPostprocessing = 0;
			shellPath = /bin/sh;
			shellScript = "\"${PODS_ROOT}/Target Support Files/Pods-ChuLoop-ChuLoopUITests/Pods-ChuLoop-ChuLoopUITests-frameworks.sh\"\n";
			showEnvVarsInLog = 0;
		};
		90E8547663616F1F2C22C14F /* [CP] Check Pods Manifest.lock */ = {
			isa = PBXShellScriptBuildPhase;
			buildActionMask = 2147483647;
			files = (
			);
			inputFileListPaths = (
			);
			inputPaths = (
				"${PODS_PODFILE_DIR_PATH}/Podfile.lock",
				"${PODS_ROOT}/Manifest.lock",
			);
			name = "[CP] Check Pods Manifest.lock";
			outputFileListPaths = (
			);
			outputPaths = (
				"$(DERIVED_FILE_DIR)/Pods-ChuLoop-checkManifestLockResult.txt",
			);
			runOnlyForDeploymentPostprocessing = 0;
			shellPath = /bin/sh;
			shellScript = "diff \"${PODS_PODFILE_DIR_PATH}/Podfile.lock\" \"${PODS_ROOT}/Manifest.lock\" > /dev/null\nif [ $? != 0 ] ; then\n    # print error to STDERR\n    echo \"error: The sandbox is not in sync with the Podfile.lock. Run 'pod install' or update your CocoaPods installation.\" >&2\n    exit 1\nfi\n# This output is used by Xcode 'outputs' to avoid re-running this script phase.\necho \"SUCCESS\" > \"${SCRIPT_OUTPUT_FILE_0}\"\n";
			showEnvVarsInLog = 0;
		};
/* End PBXShellScriptBuildPhase section */

/* Begin PBXSourcesBuildPhase section */
		16E1EA4F2CE477C100B3CD97 /* Sources */ = {
			isa = PBXSourcesBuildPhase;
			buildActionMask = 2147483647;
			files = (
			);
			runOnlyForDeploymentPostprocessing = 0;
		};
		16E1EA5F2CE477C300B3CD97 /* Sources */ = {
			isa = PBXSourcesBuildPhase;
			buildActionMask = 2147483647;
			files = (
			);
			runOnlyForDeploymentPostprocessing = 0;
		};
		16E1EA692CE477C300B3CD97 /* Sources */ = {
			isa = PBXSourcesBuildPhase;
			buildActionMask = 2147483647;
			files = (
			);
			runOnlyForDeploymentPostprocessing = 0;
		};
/* End PBXSourcesBuildPhase section */

/* Begin PBXTargetDependency section */
		16E1EA652CE477C300B3CD97 /* PBXTargetDependency */ = {
			isa = PBXTargetDependency;
			target = 16E1EA522CE477C100B3CD97 /* ChuLoop */;
			targetProxy = 16E1EA642CE477C300B3CD97 /* PBXContainerItemProxy */;
		};
		16E1EA6F2CE477C300B3CD97 /* PBXTargetDependency */ = {
			isa = PBXTargetDependency;
			target = 16E1EA522CE477C100B3CD97 /* ChuLoop */;
			targetProxy = 16E1EA6E2CE477C300B3CD97 /* PBXContainerItemProxy */;
		};
/* End PBXTargetDependency section */

/* Begin XCBuildConfiguration section */
		16E1EA752CE477C300B3CD97 /* Debug */ = {
			isa = XCBuildConfiguration;
			baseConfigurationReferenceAnchor = 16E1EA552CE477C100B3CD97 /* ChuLoop */;
			baseConfigurationReferenceRelativePath = Commons/Secrets.xcconfig;
			buildSettings = {
				ALWAYS_SEARCH_USER_PATHS = NO;
				ASSETCATALOG_COMPILER_GENERATE_SWIFT_ASSET_SYMBOL_EXTENSIONS = YES;
				CLANG_ANALYZER_NONNULL = YES;
				CLANG_ANALYZER_NUMBER_OBJECT_CONVERSION = YES_AGGRESSIVE;
				CLANG_CXX_LANGUAGE_STANDARD = "gnu++20";
				CLANG_ENABLE_MODULES = YES;
				CLANG_ENABLE_OBJC_ARC = YES;
				CLANG_ENABLE_OBJC_WEAK = YES;
				CLANG_WARN_BLOCK_CAPTURE_AUTORELEASING = YES;
				CLANG_WARN_BOOL_CONVERSION = YES;
				CLANG_WARN_COMMA = YES;
				CLANG_WARN_CONSTANT_CONVERSION = YES;
				CLANG_WARN_DEPRECATED_OBJC_IMPLEMENTATIONS = YES;
				CLANG_WARN_DIRECT_OBJC_ISA_USAGE = YES_ERROR;
				CLANG_WARN_DOCUMENTATION_COMMENTS = YES;
				CLANG_WARN_EMPTY_BODY = YES;
				CLANG_WARN_ENUM_CONVERSION = YES;
				CLANG_WARN_INFINITE_RECURSION = YES;
				CLANG_WARN_INT_CONVERSION = YES;
				CLANG_WARN_NON_LITERAL_NULL_CONVERSION = YES;
				CLANG_WARN_OBJC_IMPLICIT_RETAIN_SELF = YES;
				CLANG_WARN_OBJC_LITERAL_CONVERSION = YES;
				CLANG_WARN_OBJC_ROOT_CLASS = YES_ERROR;
				CLANG_WARN_QUOTED_INCLUDE_IN_FRAMEWORK_HEADER = YES;
				CLANG_WARN_RANGE_LOOP_ANALYSIS = YES;
				CLANG_WARN_STRICT_PROTOTYPES = YES;
				CLANG_WARN_SUSPICIOUS_MOVE = YES;
				CLANG_WARN_UNGUARDED_AVAILABILITY = YES_AGGRESSIVE;
				CLANG_WARN_UNREACHABLE_CODE = YES;
				CLANG_WARN__DUPLICATE_METHOD_MATCH = YES;
				COPY_PHASE_STRIP = NO;
				DEBUG_INFORMATION_FORMAT = dwarf;
				ENABLE_STRICT_OBJC_MSGSEND = YES;
				ENABLE_TESTABILITY = YES;
				ENABLE_USER_SCRIPT_SANDBOXING = YES;
				GCC_C_LANGUAGE_STANDARD = gnu17;
				GCC_DYNAMIC_NO_PIC = NO;
				GCC_NO_COMMON_BLOCKS = YES;
				GCC_OPTIMIZATION_LEVEL = 0;
				GCC_PREPROCESSOR_DEFINITIONS = (
					"DEBUG=1",
					"$(inherited)",
				);
				GCC_WARN_64_TO_32_BIT_CONVERSION = YES;
				GCC_WARN_ABOUT_RETURN_TYPE = YES_ERROR;
				GCC_WARN_UNDECLARED_SELECTOR = YES;
				GCC_WARN_UNINITIALIZED_AUTOS = YES_AGGRESSIVE;
				GCC_WARN_UNUSED_FUNCTION = YES;
				GCC_WARN_UNUSED_VARIABLE = YES;
				IPHONEOS_DEPLOYMENT_TARGET = 18.1;
				LOCALIZATION_PREFERS_STRING_CATALOGS = YES;
				MTL_ENABLE_DEBUG_INFO = INCLUDE_SOURCE;
				MTL_FAST_MATH = YES;
				ONLY_ACTIVE_ARCH = YES;
				SDKROOT = iphoneos;
				SWIFT_ACTIVE_COMPILATION_CONDITIONS = "DEBUG $(inherited)";
				SWIFT_OPTIMIZATION_LEVEL = "-Onone";
			};
			name = Debug;
		};
		16E1EA762CE477C300B3CD97 /* Release */ = {
			isa = XCBuildConfiguration;
			baseConfigurationReferenceAnchor = 16E1EA552CE477C100B3CD97 /* ChuLoop */;
			baseConfigurationReferenceRelativePath = Commons/Secrets.xcconfig;
			buildSettings = {
				ALWAYS_SEARCH_USER_PATHS = NO;
				ASSETCATALOG_COMPILER_GENERATE_SWIFT_ASSET_SYMBOL_EXTENSIONS = YES;
				CLANG_ANALYZER_NONNULL = YES;
				CLANG_ANALYZER_NUMBER_OBJECT_CONVERSION = YES_AGGRESSIVE;
				CLANG_CXX_LANGUAGE_STANDARD = "gnu++20";
				CLANG_ENABLE_MODULES = YES;
				CLANG_ENABLE_OBJC_ARC = YES;
				CLANG_ENABLE_OBJC_WEAK = YES;
				CLANG_WARN_BLOCK_CAPTURE_AUTORELEASING = YES;
				CLANG_WARN_BOOL_CONVERSION = YES;
				CLANG_WARN_COMMA = YES;
				CLANG_WARN_CONSTANT_CONVERSION = YES;
				CLANG_WARN_DEPRECATED_OBJC_IMPLEMENTATIONS = YES;
				CLANG_WARN_DIRECT_OBJC_ISA_USAGE = YES_ERROR;
				CLANG_WARN_DOCUMENTATION_COMMENTS = YES;
				CLANG_WARN_EMPTY_BODY = YES;
				CLANG_WARN_ENUM_CONVERSION = YES;
				CLANG_WARN_INFINITE_RECURSION = YES;
				CLANG_WARN_INT_CONVERSION = YES;
				CLANG_WARN_NON_LITERAL_NULL_CONVERSION = YES;
				CLANG_WARN_OBJC_IMPLICIT_RETAIN_SELF = YES;
				CLANG_WARN_OBJC_LITERAL_CONVERSION = YES;
				CLANG_WARN_OBJC_ROOT_CLASS = YES_ERROR;
				CLANG_WARN_QUOTED_INCLUDE_IN_FRAMEWORK_HEADER = YES;
				CLANG_WARN_RANGE_LOOP_ANALYSIS = YES;
				CLANG_WARN_STRICT_PROTOTYPES = YES;
				CLANG_WARN_SUSPICIOUS_MOVE = YES;
				CLANG_WARN_UNGUARDED_AVAILABILITY = YES_AGGRESSIVE;
				CLANG_WARN_UNREACHABLE_CODE = YES;
				CLANG_WARN__DUPLICATE_METHOD_MATCH = YES;
				COPY_PHASE_STRIP = NO;
				DEBUG_INFORMATION_FORMAT = "dwarf-with-dsym";
				ENABLE_NS_ASSERTIONS = NO;
				ENABLE_STRICT_OBJC_MSGSEND = YES;
				ENABLE_USER_SCRIPT_SANDBOXING = YES;
				GCC_C_LANGUAGE_STANDARD = gnu17;
				GCC_NO_COMMON_BLOCKS = YES;
				GCC_WARN_64_TO_32_BIT_CONVERSION = YES;
				GCC_WARN_ABOUT_RETURN_TYPE = YES_ERROR;
				GCC_WARN_UNDECLARED_SELECTOR = YES;
				GCC_WARN_UNINITIALIZED_AUTOS = YES_AGGRESSIVE;
				GCC_WARN_UNUSED_FUNCTION = YES;
				GCC_WARN_UNUSED_VARIABLE = YES;
				IPHONEOS_DEPLOYMENT_TARGET = 18.1;
				LOCALIZATION_PREFERS_STRING_CATALOGS = YES;
				MTL_ENABLE_DEBUG_INFO = NO;
				MTL_FAST_MATH = YES;
				SDKROOT = iphoneos;
				SWIFT_COMPILATION_MODE = wholemodule;
				VALIDATE_PRODUCT = YES;
			};
			name = Release;
		};
		16E1EA782CE477C300B3CD97 /* Debug */ = {
			isa = XCBuildConfiguration;
			baseConfigurationReference = 8F4353A6F71BCF0C94261AA6 /* Pods-ChuLoop.release.xcconfig */;
			buildSettings = {
				ASSETCATALOG_COMPILER_APPICON_NAME = AppIcon;
				ASSETCATALOG_COMPILER_GLOBAL_ACCENT_COLOR_NAME = AccentColor;
				CODE_SIGN_STYLE = Automatic;
				CURRENT_PROJECT_VERSION = 1;
				DEVELOPMENT_ASSET_PATHS = "\"ChuLoop/Preview Content\"";
				DEVELOPMENT_TEAM = 498J9TKTSM;
				ENABLE_PREVIEWS = YES;
				ENABLE_USER_SCRIPT_SANDBOXING = NO;
				GENERATE_INFOPLIST_FILE = YES;
				INFOPLIST_FILE = ChuLoop/Info.plist;
				INFOPLIST_KEY_UIApplicationSceneManifest_Generation = YES;
				INFOPLIST_KEY_UIApplicationSupportsIndirectInputEvents = YES;
				INFOPLIST_KEY_UILaunchScreen_Generation = YES;
				INFOPLIST_KEY_UISupportedInterfaceOrientations_iPad = "UIInterfaceOrientationPortrait UIInterfaceOrientationPortraitUpsideDown UIInterfaceOrientationLandscapeLeft UIInterfaceOrientationLandscapeRight";
				INFOPLIST_KEY_UISupportedInterfaceOrientations_iPhone = "UIInterfaceOrientationPortrait UIInterfaceOrientationLandscapeLeft UIInterfaceOrientationLandscapeRight";
				LD_RUNPATH_SEARCH_PATHS = (
					"$(inherited)",
					"@executable_path/Frameworks",
				);
				MARKETING_VERSION = 1.0;
				PRODUCT_BUNDLE_IDENTIFIER = com.develop.chuloop;
				PRODUCT_NAME = "$(TARGET_NAME)";
				SWIFT_EMIT_LOC_STRINGS = YES;
				SWIFT_VERSION = 5.0;
				TARGETED_DEVICE_FAMILY = "1,2";
			};
			name = Debug;
		};
		16E1EA792CE477C300B3CD97 /* Release */ = {
			isa = XCBuildConfiguration;
			baseConfigurationReference = 8F4353A6F71BCF0C94261AA6 /* Pods-ChuLoop.release.xcconfig */;
			buildSettings = {
				ASSETCATALOG_COMPILER_APPICON_NAME = AppIcon;
				ASSETCATALOG_COMPILER_GLOBAL_ACCENT_COLOR_NAME = AccentColor;
				CODE_SIGN_STYLE = Automatic;
				CURRENT_PROJECT_VERSION = 1;
				DEVELOPMENT_ASSET_PATHS = "\"ChuLoop/Preview Content\"";
				DEVELOPMENT_TEAM = 498J9TKTSM;
				ENABLE_PREVIEWS = YES;
				ENABLE_USER_SCRIPT_SANDBOXING = NO;
				GENERATE_INFOPLIST_FILE = YES;
				INFOPLIST_FILE = ChuLoop/Info.plist;
				INFOPLIST_KEY_UIApplicationSceneManifest_Generation = YES;
				INFOPLIST_KEY_UIApplicationSupportsIndirectInputEvents = YES;
				INFOPLIST_KEY_UILaunchScreen_Generation = YES;
				INFOPLIST_KEY_UISupportedInterfaceOrientations_iPad = "UIInterfaceOrientationPortrait UIInterfaceOrientationPortraitUpsideDown UIInterfaceOrientationLandscapeLeft UIInterfaceOrientationLandscapeRight";
				INFOPLIST_KEY_UISupportedInterfaceOrientations_iPhone = "UIInterfaceOrientationPortrait UIInterfaceOrientationLandscapeLeft UIInterfaceOrientationLandscapeRight";
				LD_RUNPATH_SEARCH_PATHS = (
					"$(inherited)",
					"@executable_path/Frameworks",
				);
				MARKETING_VERSION = 1.0;
				PRODUCT_BUNDLE_IDENTIFIER = com.develop.chuloop;
				PRODUCT_NAME = "$(TARGET_NAME)";
				SWIFT_EMIT_LOC_STRINGS = YES;
				SWIFT_VERSION = 5.0;
				TARGETED_DEVICE_FAMILY = "1,2";
			};
			name = Release;
		};
		16E1EA7B2CE477C300B3CD97 /* Debug */ = {
			isa = XCBuildConfiguration;
			baseConfigurationReference = 1BF2A5758D5486F5F3329F89 /* Pods-ChuLoopTests.debug.xcconfig */;
			buildSettings = {
				BUNDLE_LOADER = "$(TEST_HOST)";
				CODE_SIGN_STYLE = Automatic;
				CURRENT_PROJECT_VERSION = 1;
				GENERATE_INFOPLIST_FILE = YES;
				IPHONEOS_DEPLOYMENT_TARGET = 18.1;
				MARKETING_VERSION = 1.0;
				PRODUCT_BUNDLE_IDENTIFIER = com.swiftlec.ChuLoopTests;
				PRODUCT_NAME = "$(TARGET_NAME)";
				SWIFT_EMIT_LOC_STRINGS = NO;
				SWIFT_VERSION = 5.0;
				TARGETED_DEVICE_FAMILY = "1,2";
				TEST_HOST = "$(BUILT_PRODUCTS_DIR)/ChuLoop.app/$(BUNDLE_EXECUTABLE_FOLDER_PATH)/ChuLoop";
			};
			name = Debug;
		};
		16E1EA7C2CE477C300B3CD97 /* Release */ = {
			isa = XCBuildConfiguration;
			baseConfigurationReference = CBB7EDC418B736D84F16819C /* Pods-ChuLoopTests.release.xcconfig */;
			buildSettings = {
				BUNDLE_LOADER = "$(TEST_HOST)";
				CODE_SIGN_STYLE = Automatic;
				CURRENT_PROJECT_VERSION = 1;
				GENERATE_INFOPLIST_FILE = YES;
				IPHONEOS_DEPLOYMENT_TARGET = 18.1;
				MARKETING_VERSION = 1.0;
				PRODUCT_BUNDLE_IDENTIFIER = com.swiftlec.ChuLoopTests;
				PRODUCT_NAME = "$(TARGET_NAME)";
				SWIFT_EMIT_LOC_STRINGS = NO;
				SWIFT_VERSION = 5.0;
				TARGETED_DEVICE_FAMILY = "1,2";
				TEST_HOST = "$(BUILT_PRODUCTS_DIR)/ChuLoop.app/$(BUNDLE_EXECUTABLE_FOLDER_PATH)/ChuLoop";
			};
			name = Release;
		};
		16E1EA7E2CE477C300B3CD97 /* Debug */ = {
			isa = XCBuildConfiguration;
			baseConfigurationReference = A38AA98A2CA6F67DE71B35A2 /* Pods-ChuLoop-ChuLoopUITests.debug.xcconfig */;
			buildSettings = {
				CODE_SIGN_STYLE = Automatic;
				CURRENT_PROJECT_VERSION = 1;
				GENERATE_INFOPLIST_FILE = YES;
				MARKETING_VERSION = 1.0;
				PRODUCT_BUNDLE_IDENTIFIER = com.swiftlec.ChuLoopUITests;
				PRODUCT_NAME = "$(TARGET_NAME)";
				SWIFT_EMIT_LOC_STRINGS = NO;
				SWIFT_VERSION = 5.0;
				TARGETED_DEVICE_FAMILY = "1,2";
				TEST_TARGET_NAME = ChuLoop;
			};
			name = Debug;
		};
		16E1EA7F2CE477C300B3CD97 /* Release */ = {
			isa = XCBuildConfiguration;
			baseConfigurationReference = 9A6645AE98543B2F157B7490 /* Pods-ChuLoop-ChuLoopUITests.release.xcconfig */;
			buildSettings = {
				CODE_SIGN_STYLE = Automatic;
				CURRENT_PROJECT_VERSION = 1;
				GENERATE_INFOPLIST_FILE = YES;
				MARKETING_VERSION = 1.0;
				PRODUCT_BUNDLE_IDENTIFIER = com.swiftlec.ChuLoopUITests;
				PRODUCT_NAME = "$(TARGET_NAME)";
				SWIFT_EMIT_LOC_STRINGS = NO;
				SWIFT_VERSION = 5.0;
				TARGETED_DEVICE_FAMILY = "1,2";
				TEST_TARGET_NAME = ChuLoop;
			};
			name = Release;
		};
/* End XCBuildConfiguration section */

/* Begin XCConfigurationList section */
		16E1EA4E2CE477C100B3CD97 /* Build configuration list for PBXProject "ChuLoop" */ = {
			isa = XCConfigurationList;
			buildConfigurations = (
				16E1EA752CE477C300B3CD97 /* Debug */,
				16E1EA762CE477C300B3CD97 /* Release */,
			);
			defaultConfigurationIsVisible = 0;
			defaultConfigurationName = Release;
		};
		16E1EA772CE477C300B3CD97 /* Build configuration list for PBXNativeTarget "ChuLoop" */ = {
			isa = XCConfigurationList;
			buildConfigurations = (
				16E1EA782CE477C300B3CD97 /* Debug */,
				16E1EA792CE477C300B3CD97 /* Release */,
			);
			defaultConfigurationIsVisible = 0;
			defaultConfigurationName = Release;
		};
		16E1EA7A2CE477C300B3CD97 /* Build configuration list for PBXNativeTarget "ChuLoopTests" */ = {
			isa = XCConfigurationList;
			buildConfigurations = (
				16E1EA7B2CE477C300B3CD97 /* Debug */,
				16E1EA7C2CE477C300B3CD97 /* Release */,
			);
			defaultConfigurationIsVisible = 0;
			defaultConfigurationName = Release;
		};
		16E1EA7D2CE477C300B3CD97 /* Build configuration list for PBXNativeTarget "ChuLoopUITests" */ = {
			isa = XCConfigurationList;
			buildConfigurations = (
				16E1EA7E2CE477C300B3CD97 /* Debug */,
				16E1EA7F2CE477C300B3CD97 /* Release */,
			);
			defaultConfigurationIsVisible = 0;
			defaultConfigurationName = Release;
		};
/* End XCConfigurationList section */
	};
	rootObject = 16E1EA4B2CE477C100B3CD97 /* Project object */;
}
